{
  "name": "co2-monitor",
  "version": "2.0.1",
  "lockfileVersion": 2,
  "requires": true,
  "packages": {
    "": {
      "name": "co2-monitor",
      "version": "2.0.1",
      "license": "MIT License",
      "dependencies": {
        "usb": "~2.0.3"
      },
      "engines": {
        "node": ">=6.x"
      }
    },
    "node_modules/@types/w3c-web-usb": {
      "version": "1.0.5",
      "resolved": "https://registry.npmjs.org/@types/w3c-web-usb/-/w3c-web-usb-1.0.5.tgz",
      "integrity": "sha512-dYolx2XWesl1TMu+1BjtjU6eC6c2zZ2VDKhjU4f/mtR3+UBfMW6h1tPCQt7leY5Y8JBg0Fe/mMnoDMkPPNX9sw=="
    },
    "node_modules/node-addon-api": {
      "version": "4.2.0",
      "resolved": "https://registry.npmjs.org/node-addon-api/-/node-addon-api-4.2.0.tgz",
      "integrity": "sha512-eazsqzwG2lskuzBqCGPi7Ac2UgOoMz8JVOXVhTvvPDYhthvNpefx8jWD8Np7Gv+2Sz0FlPWZk0nJV0z598Wn8Q=="
    },
    "node_modules/node-gyp-build": {
      "version": "4.3.0",
      "resolved": "https://registry.npmjs.org/node-gyp-build/-/node-gyp-build-4.3.0.tgz",
      "integrity": "sha512-iWjXZvmboq0ja1pUGULQBexmxq8CV4xBhX7VDOTbL7ZR4FOowwY/VOtRxBN/yKxmdGoIp4j5ysNT4u3S2pDQ3Q==",
      "bin": {
        "node-gyp-build": "bin.js",
        "node-gyp-build-optional": "optional.js",
        "node-gyp-build-test": "build-test.js"
      }
    },
    "node_modules/usb": {
      "version": "2.0.3",
      "resolved": "https://registry.npmjs.org/usb/-/usb-2.0.3.tgz",
      "integrity": "sha512-UnUtZK5ebhDdNTjcO+cHFnpo25iifNm+E7F4f5g4pCUH+0M8b4SiVqILNzqz9iqQNK326PGawOYdkTJbplqsIg==",
      "hasInstallScript": true,
      "dependencies": {
        "@types/w3c-web-usb": "^1.0.4",
        "node-addon-api": "^4.2.0",
        "node-gyp-build": "^4.3.0"
      },
      "engines": {
        "node": ">=10.16.0"
      }
    }
  },
  "dependencies": {
    "@types/w3c-web-usb": {
      "version": "1.0.5",
      "resolved": "https://registry.npmjs.org/@types/w3c-web-usb/-/w3c-web-usb-1.0.5.tgz",
      "integrity": "sha512-dYolx2XWesl1TMu+1BjtjU6eC6c2zZ2VDKhjU4f/mtR3+UBfMW6h1tPCQt7leY5Y8JBg0Fe/mMnoDMkPPNX9sw=="
    },
    "node-addon-api": {
      "version": "4.2.0",
      "resolved": "https://registry.npmjs.org/node-addon-api/-/node-addon-api-4.2.0.tgz",
      "integrity": "sha512-eazsqzwG2lskuzBqCGPi7Ac2UgOoMz8JVOXVhTvvPDYhthvNpefx8jWD8Np7Gv+2Sz0FlPWZk0nJV0z598Wn8Q=="
    },
    "node-gyp-build": {
      "version": "4.3.0",
      "resolved": "https://registry.npmjs.org/node-gyp-build/-/node-gyp-build-4.3.0.tgz",
      "integrity": "sha512-iWjXZvmboq0ja1pUGULQBexmxq8CV4xBhX7VDOTbL7ZR4FOowwY/VOtRxBN/yKxmdGoIp4j5ysNT4u3S2pDQ3Q=="
    },
    "usb": {
      "version": "2.0.3",
      "resolved": "https://registry.npmjs.org/usb/-/usb-2.0.3.tgz",
      "integrity": "sha512-UnUtZK5ebhDdNTjcO+cHFnpo25iifNm+E7F4f5g4pCUH+0M8b4SiVqILNzqz9iqQNK326PGawOYdkTJbplqsIg==",
      "requires": {
        "@types/w3c-web-usb": "^1.0.4",
        "node-addon-api": "^4.2.0",
        "node-gyp-build": "^4.3.0"
      }
    }
  }
}
